// !$*UTF8*$!
{
	archiveVersion = 1;
	classes = {
	};
	objectVersion = 46;
	objects = {

/* Begin PBXBuildFile section */
		44AE0E351BB93C3300F90FD5 /* FMDatabase.m in Sources */ = {isa = PBXBuildFile; fileRef = 44AE0E2B1BB93C3300F90FD5 /* FMDatabase.m */; };
		44AE0E361BB93C3300F90FD5 /* FMDatabaseAdditions.m in Sources */ = {isa = PBXBuildFile; fileRef = 44AE0E2D1BB93C3300F90FD5 /* FMDatabaseAdditions.m */; };
		44AE0E371BB93C3300F90FD5 /* FMDatabasePool.m in Sources */ = {isa = PBXBuildFile; fileRef = 44AE0E2F1BB93C3300F90FD5 /* FMDatabasePool.m */; };
		44AE0E381BB93C3300F90FD5 /* FMDatabaseQueue.m in Sources */ = {isa = PBXBuildFile; fileRef = 44AE0E311BB93C3300F90FD5 /* FMDatabaseQueue.m */; };
		44AE0E391BB93C3300F90FD5 /* FMResultSet.m in Sources */ = {isa = PBXBuildFile; fileRef = 44AE0E341BB93C3300F90FD5 /* FMResultSet.m */; };
		44AE0E3B1BB959DA00F90FD5 /* DBManager.swift in Sources */ = {isa = PBXBuildFile; fileRef = 44AE0E3A1BB959DA00F90FD5 /* DBManager.swift */; };
		44AE0E3D1BB9603E00F90FD5 /* libsqlite3.dylib in Frameworks */ = {isa = PBXBuildFile; fileRef = 44AE0E3C1BB9603E00F90FD5 /* libsqlite3.dylib */; };
		44C915E61B8DB04D00FE4B24 /* AppDelegate.swift in Sources */ = {isa = PBXBuildFile; fileRef = 44C915E51B8DB04D00FE4B24 /* AppDelegate.swift */; };
		44C915EB1B8DB04D00FE4B24 /* Main.storyboard in Resources */ = {isa = PBXBuildFile; fileRef = 44C915E91B8DB04D00FE4B24 /* Main.storyboard */; };
		44C915ED1B8DB04D00FE4B24 /* Images.xcassets in Resources */ = {isa = PBXBuildFile; fileRef = 44C915EC1B8DB04D00FE4B24 /* Images.xcassets */; };
		44C915F01B8DB04D00FE4B24 /* LaunchScreen.xib in Resources */ = {isa = PBXBuildFile; fileRef = 44C915EE1B8DB04D00FE4B24 /* LaunchScreen.xib */; };
		44C915FC1B8DB04D00FE4B24 /* iOS_AirCastingTests.swift in Sources */ = {isa = PBXBuildFile; fileRef = 44C915FB1B8DB04D00FE4B24 /* iOS_AirCastingTests.swift */; };
		44C916081B8DB28200FE4B24 /* DashboardController.swift in Sources */ = {isa = PBXBuildFile; fileRef = 44C916071B8DB28200FE4B24 /* DashboardController.swift */; };
		44C916101B8DB31800FE4B24 /* BackgroundCustomization.swift in Sources */ = {isa = PBXBuildFile; fileRef = 44C9160D1B8DB31800FE4B24 /* BackgroundCustomization.swift */; };
		44C916111B8DB31800FE4B24 /* DecibelMeter.swift in Sources */ = {isa = PBXBuildFile; fileRef = 44C9160E1B8DB31800FE4B24 /* DecibelMeter.swift */; };
		44C916121B8DB31800FE4B24 /* FileIO.swift in Sources */ = {isa = PBXBuildFile; fileRef = 44C9160F1B8DB31800FE4B24 /* FileIO.swift */; };
		44C916AD1B8DB42C00FE4B24 /* AVFoundation.framework in Frameworks */ = {isa = PBXBuildFile; fileRef = 44C916AC1B8DB42C00FE4B24 /* AVFoundation.framework */; };
		44C916AF1B8DB43A00FE4B24 /* CoreLocation.framework in Frameworks */ = {isa = PBXBuildFile; fileRef = 44C916AE1B8DB43A00FE4B24 /* CoreLocation.framework */; };
		44C916B11B8DB44000FE4B24 /* MapKit.framework in Frameworks */ = {isa = PBXBuildFile; fileRef = 44C916B01B8DB44000FE4B24 /* MapKit.framework */; };
		44C916B31B8DB83600FE4B24 /* GraphViewController.swift in Sources */ = {isa = PBXBuildFile; fileRef = 44C916B21B8DB83600FE4B24 /* GraphViewController.swift */; };
		44C916B51B8DB87200FE4B24 /* MapViewController.swift in Sources */ = {isa = PBXBuildFile; fileRef = 44C916B41B8DB87200FE4B24 /* MapViewController.swift */; };
		44DF6F711BE9329B00847112 /* Node.swift in Sources */ = {isa = PBXBuildFile; fileRef = 44DF6F701BE9329B00847112 /* Node.swift */; };
		44DF6F731BE932AB00847112 /* Map.swift in Sources */ = {isa = PBXBuildFile; fileRef = 44DF6F721BE932AB00847112 /* Map.swift */; };
		44DF6F751BE932BD00847112 /* AStarRouting.swift in Sources */ = {isa = PBXBuildFile; fileRef = 44DF6F741BE932BD00847112 /* AStarRouting.swift */; };
		C826DFCB1BE33501008B4B0A /* SignedInUser.swift in Sources */ = {isa = PBXBuildFile; fileRef = C826DFCA1BE33501008B4B0A /* SignedInUser.swift */; };
		C86C4AA81BE1E4E600C00C20 /* SessionsListViewController.swift in Sources */ = {isa = PBXBuildFile; fileRef = C86C4AA71BE1E4E600C00C20 /* SessionsListViewController.swift */; };
		C870EC471BE7E46D007D4DA7 /* SessionsViewController.swift in Sources */ = {isa = PBXBuildFile; fileRef = C870EC461BE7E46D007D4DA7 /* SessionsViewController.swift */; };
		C89A16891BC1420B0006955C /* SettingsViewController.swift in Sources */ = {isa = PBXBuildFile; fileRef = C89A16881BC1420B0006955C /* SettingsViewController.swift */; };
		C89D292E1BE4811800739BB9 /* DBQueries.swift in Sources */ = {isa = PBXBuildFile; fileRef = C89D292D1BE4811800739BB9 /* DBQueries.swift */; };
		C8A3831C1BD1FEBB007A14CE /* LineGraphView.swift in Sources */ = {isa = PBXBuildFile; fileRef = C8A3831B1BD1FEBB007A14CE /* LineGraphView.swift */; };
		C8AE73CA1BDB3EA8001A4F49 /* SettingsItemViewController.swift in Sources */ = {isa = PBXBuildFile; fileRef = C8AE73C91BDB3EA8001A4F49 /* SettingsItemViewController.swift */; };
		C8BA93DA1BD4C39D00FD71BF /* AirCastingBLEController.m in Sources */ = {isa = PBXBuildFile; fileRef = C8BA93D91BD4C39D00FD71BF /* AirCastingBLEController.m */; };
		C8C5582B1BE1B6A800585A39 /* MapStyle.swift in Sources */ = {isa = PBXBuildFile; fileRef = C8C5582A1BE1B6A800585A39 /* MapStyle.swift */; };
		C8C5582D1BE1B71300585A39 /* UploadType.swift in Sources */ = {isa = PBXBuildFile; fileRef = C8C5582C1BE1B71300585A39 /* UploadType.swift */; };
		C8E8D1051BE20C9C00E6F5A8 /* RESTServices.swift in Sources */ = {isa = PBXBuildFile; fileRef = C8E8D1041BE20C9C00E6F5A8 /* RESTServices.swift */; };
		C8EADAF31BE7BC5900515050 /* BackendServerConfig.swift in Sources */ = {isa = PBXBuildFile; fileRef = C8EADAF21BE7BC5900515050 /* BackendServerConfig.swift */; };
/* End PBXBuildFile section */

/* Begin PBXContainerItemProxy section */
		44C915F61B8DB04D00FE4B24 /* PBXContainerItemProxy */ = {
			isa = PBXContainerItemProxy;
			containerPortal = 44C915D81B8DB04D00FE4B24 /* Project object */;
			proxyType = 1;
			remoteGlobalIDString = 44C915DF1B8DB04D00FE4B24;
			remoteInfo = "iOS-AirCasting";
		};
/* End PBXContainerItemProxy section */

/* Begin PBXFileReference section */
		44AE0E291BB93C3300F90FD5 /* iOS-AirCasting-Bridging-Header.h */ = {isa = PBXFileReference; lastKnownFileType = sourcecode.c.h; path = "iOS-AirCasting-Bridging-Header.h"; sourceTree = "<group>"; };
		44AE0E2A1BB93C3300F90FD5 /* FMDatabase.h */ = {isa = PBXFileReference; fileEncoding = 4; lastKnownFileType = sourcecode.c.h; path = FMDatabase.h; sourceTree = "<group>"; };
		44AE0E2B1BB93C3300F90FD5 /* FMDatabase.m */ = {isa = PBXFileReference; fileEncoding = 4; lastKnownFileType = sourcecode.c.objc; path = FMDatabase.m; sourceTree = "<group>"; };
		44AE0E2C1BB93C3300F90FD5 /* FMDatabaseAdditions.h */ = {isa = PBXFileReference; fileEncoding = 4; lastKnownFileType = sourcecode.c.h; path = FMDatabaseAdditions.h; sourceTree = "<group>"; };
		44AE0E2D1BB93C3300F90FD5 /* FMDatabaseAdditions.m */ = {isa = PBXFileReference; fileEncoding = 4; lastKnownFileType = sourcecode.c.objc; path = FMDatabaseAdditions.m; sourceTree = "<group>"; };
		44AE0E2E1BB93C3300F90FD5 /* FMDatabasePool.h */ = {isa = PBXFileReference; fileEncoding = 4; lastKnownFileType = sourcecode.c.h; path = FMDatabasePool.h; sourceTree = "<group>"; };
		44AE0E2F1BB93C3300F90FD5 /* FMDatabasePool.m */ = {isa = PBXFileReference; fileEncoding = 4; lastKnownFileType = sourcecode.c.objc; path = FMDatabasePool.m; sourceTree = "<group>"; };
		44AE0E301BB93C3300F90FD5 /* FMDatabaseQueue.h */ = {isa = PBXFileReference; fileEncoding = 4; lastKnownFileType = sourcecode.c.h; path = FMDatabaseQueue.h; sourceTree = "<group>"; };
		44AE0E311BB93C3300F90FD5 /* FMDatabaseQueue.m */ = {isa = PBXFileReference; fileEncoding = 4; lastKnownFileType = sourcecode.c.objc; path = FMDatabaseQueue.m; sourceTree = "<group>"; };
		44AE0E321BB93C3300F90FD5 /* FMDB.h */ = {isa = PBXFileReference; fileEncoding = 4; lastKnownFileType = sourcecode.c.h; path = FMDB.h; sourceTree = "<group>"; };
		44AE0E331BB93C3300F90FD5 /* FMResultSet.h */ = {isa = PBXFileReference; fileEncoding = 4; lastKnownFileType = sourcecode.c.h; path = FMResultSet.h; sourceTree = "<group>"; };
		44AE0E341BB93C3300F90FD5 /* FMResultSet.m */ = {isa = PBXFileReference; fileEncoding = 4; lastKnownFileType = sourcecode.c.objc; path = FMResultSet.m; sourceTree = "<group>"; };
		44AE0E3A1BB959DA00F90FD5 /* DBManager.swift */ = {isa = PBXFileReference; fileEncoding = 4; lastKnownFileType = sourcecode.swift; path = DBManager.swift; sourceTree = "<group>"; };
		44AE0E3C1BB9603E00F90FD5 /* libsqlite3.dylib */ = {isa = PBXFileReference; lastKnownFileType = "compiled.mach-o.dylib"; name = libsqlite3.dylib; path = usr/lib/libsqlite3.dylib; sourceTree = SDKROOT; };
		44C915E01B8DB04D00FE4B24 /* iOS-AirCasting.app */ = {isa = PBXFileReference; explicitFileType = wrapper.application; includeInIndex = 0; path = "iOS-AirCasting.app"; sourceTree = BUILT_PRODUCTS_DIR; };
		44C915E41B8DB04D00FE4B24 /* Info.plist */ = {isa = PBXFileReference; lastKnownFileType = text.plist.xml; path = Info.plist; sourceTree = "<group>"; };
		44C915E51B8DB04D00FE4B24 /* AppDelegate.swift */ = {isa = PBXFileReference; lastKnownFileType = sourcecode.swift; path = AppDelegate.swift; sourceTree = "<group>"; };
		44C915EA1B8DB04D00FE4B24 /* Base */ = {isa = PBXFileReference; lastKnownFileType = file.storyboard; name = Base; path = Base.lproj/Main.storyboard; sourceTree = "<group>"; };
		44C915EC1B8DB04D00FE4B24 /* Images.xcassets */ = {isa = PBXFileReference; lastKnownFileType = folder.assetcatalog; path = Images.xcassets; sourceTree = "<group>"; };
		44C915EF1B8DB04D00FE4B24 /* Base */ = {isa = PBXFileReference; lastKnownFileType = file.xib; name = Base; path = Base.lproj/LaunchScreen.xib; sourceTree = "<group>"; };
		44C915F51B8DB04D00FE4B24 /* iOS-AirCastingTests.xctest */ = {isa = PBXFileReference; explicitFileType = wrapper.cfbundle; includeInIndex = 0; path = "iOS-AirCastingTests.xctest"; sourceTree = BUILT_PRODUCTS_DIR; };
		44C915FA1B8DB04D00FE4B24 /* Info.plist */ = {isa = PBXFileReference; lastKnownFileType = text.plist.xml; path = Info.plist; sourceTree = "<group>"; };
		44C915FB1B8DB04D00FE4B24 /* iOS_AirCastingTests.swift */ = {isa = PBXFileReference; lastKnownFileType = sourcecode.swift; path = iOS_AirCastingTests.swift; sourceTree = "<group>"; };
		44C916071B8DB28200FE4B24 /* DashboardController.swift */ = {isa = PBXFileReference; fileEncoding = 4; lastKnownFileType = sourcecode.swift; path = DashboardController.swift; sourceTree = "<group>"; };
		44C9160D1B8DB31800FE4B24 /* BackgroundCustomization.swift */ = {isa = PBXFileReference; fileEncoding = 4; lastKnownFileType = sourcecode.swift; path = BackgroundCustomization.swift; sourceTree = "<group>"; };
		44C9160E1B8DB31800FE4B24 /* DecibelMeter.swift */ = {isa = PBXFileReference; fileEncoding = 4; lastKnownFileType = sourcecode.swift; path = DecibelMeter.swift; sourceTree = "<group>"; };
		44C9160F1B8DB31800FE4B24 /* FileIO.swift */ = {isa = PBXFileReference; fileEncoding = 4; lastKnownFileType = sourcecode.swift; path = FileIO.swift; sourceTree = "<group>"; };
		44C916AC1B8DB42C00FE4B24 /* AVFoundation.framework */ = {isa = PBXFileReference; lastKnownFileType = wrapper.framework; name = AVFoundation.framework; path = System/Library/Frameworks/AVFoundation.framework; sourceTree = SDKROOT; };
		44C916AE1B8DB43A00FE4B24 /* CoreLocation.framework */ = {isa = PBXFileReference; lastKnownFileType = wrapper.framework; name = CoreLocation.framework; path = System/Library/Frameworks/CoreLocation.framework; sourceTree = SDKROOT; };
		44C916B01B8DB44000FE4B24 /* MapKit.framework */ = {isa = PBXFileReference; lastKnownFileType = wrapper.framework; name = MapKit.framework; path = System/Library/Frameworks/MapKit.framework; sourceTree = SDKROOT; };
		44C916B21B8DB83600FE4B24 /* GraphViewController.swift */ = {isa = PBXFileReference; fileEncoding = 4; lastKnownFileType = sourcecode.swift; path = GraphViewController.swift; sourceTree = "<group>"; };
		44C916B41B8DB87200FE4B24 /* MapViewController.swift */ = {isa = PBXFileReference; fileEncoding = 4; lastKnownFileType = sourcecode.swift; path = MapViewController.swift; sourceTree = "<group>"; };
		44DF6F701BE9329B00847112 /* Node.swift */ = {isa = PBXFileReference; fileEncoding = 4; lastKnownFileType = sourcecode.swift; path = Node.swift; sourceTree = "<group>"; };
		44DF6F721BE932AB00847112 /* Map.swift */ = {isa = PBXFileReference; fileEncoding = 4; lastKnownFileType = sourcecode.swift; path = Map.swift; sourceTree = "<group>"; };
		44DF6F741BE932BD00847112 /* AStarRouting.swift */ = {isa = PBXFileReference; fileEncoding = 4; lastKnownFileType = sourcecode.swift; path = AStarRouting.swift; sourceTree = "<group>"; };
		C826DFCA1BE33501008B4B0A /* SignedInUser.swift */ = {isa = PBXFileReference; fileEncoding = 4; lastKnownFileType = sourcecode.swift; path = SignedInUser.swift; sourceTree = "<group>"; };
		C86C4AA71BE1E4E600C00C20 /* SessionsListViewController.swift */ = {isa = PBXFileReference; fileEncoding = 4; lastKnownFileType = sourcecode.swift; path = SessionsListViewController.swift; sourceTree = "<group>"; };
		C870EC461BE7E46D007D4DA7 /* SessionsViewController.swift */ = {isa = PBXFileReference; fileEncoding = 4; lastKnownFileType = sourcecode.swift; path = SessionsViewController.swift; sourceTree = "<group>"; };
		C89A16881BC1420B0006955C /* SettingsViewController.swift */ = {isa = PBXFileReference; fileEncoding = 4; lastKnownFileType = sourcecode.swift; path = SettingsViewController.swift; sourceTree = "<group>"; };
		C89D292D1BE4811800739BB9 /* DBQueries.swift */ = {isa = PBXFileReference; fileEncoding = 4; lastKnownFileType = sourcecode.swift; path = DBQueries.swift; sourceTree = "<group>"; };
		C8A3831B1BD1FEBB007A14CE /* LineGraphView.swift */ = {isa = PBXFileReference; fileEncoding = 4; lastKnownFileType = sourcecode.swift; path = LineGraphView.swift; sourceTree = "<group>"; };
		C8AE73C91BDB3EA8001A4F49 /* SettingsItemViewController.swift */ = {isa = PBXFileReference; fileEncoding = 4; lastKnownFileType = sourcecode.swift; path = SettingsItemViewController.swift; sourceTree = "<group>"; };
		C8BA93D81BD4C39D00FD71BF /* AirCastingBLEController.h */ = {isa = PBXFileReference; fileEncoding = 4; lastKnownFileType = sourcecode.c.h; path = AirCastingBLEController.h; sourceTree = "<group>"; };
		C8BA93D91BD4C39D00FD71BF /* AirCastingBLEController.m */ = {isa = PBXFileReference; fileEncoding = 4; lastKnownFileType = sourcecode.c.objc; path = AirCastingBLEController.m; sourceTree = "<group>"; };
		C8C5582A1BE1B6A800585A39 /* MapStyle.swift */ = {isa = PBXFileReference; fileEncoding = 4; lastKnownFileType = sourcecode.swift; path = MapStyle.swift; sourceTree = "<group>"; };
		C8C5582C1BE1B71300585A39 /* UploadType.swift */ = {isa = PBXFileReference; fileEncoding = 4; lastKnownFileType = sourcecode.swift; path = UploadType.swift; sourceTree = "<group>"; };
		C8E8D1041BE20C9C00E6F5A8 /* RESTServices.swift */ = {isa = PBXFileReference; fileEncoding = 4; lastKnownFileType = sourcecode.swift; path = RESTServices.swift; sourceTree = "<group>"; };
		C8EADAF21BE7BC5900515050 /* BackendServerConfig.swift */ = {isa = PBXFileReference; fileEncoding = 4; lastKnownFileType = sourcecode.swift; path = BackendServerConfig.swift; sourceTree = "<group>"; };
/* End PBXFileReference section */

/* Begin PBXFrameworksBuildPhase section */
		44C915DD1B8DB04D00FE4B24 /* Frameworks */ = {
			isa = PBXFrameworksBuildPhase;
			buildActionMask = 2147483647;
			files = (
				44AE0E3D1BB9603E00F90FD5 /* libsqlite3.dylib in Frameworks */,
				44C916B11B8DB44000FE4B24 /* MapKit.framework in Frameworks */,
				44C916AF1B8DB43A00FE4B24 /* CoreLocation.framework in Frameworks */,
				44C916AD1B8DB42C00FE4B24 /* AVFoundation.framework in Frameworks */,
			);
			runOnlyForDeploymentPostprocessing = 0;
		};
		44C915F21B8DB04D00FE4B24 /* Frameworks */ = {
			isa = PBXFrameworksBuildPhase;
			buildActionMask = 2147483647;
			files = (
			);
			runOnlyForDeploymentPostprocessing = 0;
		};
/* End PBXFrameworksBuildPhase section */

/* Begin PBXGroup section */
		44C915D71B8DB04D00FE4B24 = {
			isa = PBXGroup;
			children = (
				44AE0E3C1BB9603E00F90FD5 /* libsqlite3.dylib */,
				44C916B01B8DB44000FE4B24 /* MapKit.framework */,
				44C916AE1B8DB43A00FE4B24 /* CoreLocation.framework */,
				44C916AC1B8DB42C00FE4B24 /* AVFoundation.framework */,
				44C915E21B8DB04D00FE4B24 /* iOS-AirCasting */,
				44C915F81B8DB04D00FE4B24 /* iOS-AirCastingTests */,
				44C915E11B8DB04D00FE4B24 /* Products */,
			);
			sourceTree = "<group>";
		};
		44C915E11B8DB04D00FE4B24 /* Products */ = {
			isa = PBXGroup;
			children = (
				44C915E01B8DB04D00FE4B24 /* iOS-AirCasting.app */,
				44C915F51B8DB04D00FE4B24 /* iOS-AirCastingTests.xctest */,
			);
			name = Products;
			sourceTree = "<group>";
		};
		44C915E21B8DB04D00FE4B24 /* iOS-AirCasting */ = {
			isa = PBXGroup;
			children = (
				44C916B21B8DB83600FE4B24 /* GraphViewController.swift */,
				44DF6F701BE9329B00847112 /* Node.swift */,
				44DF6F721BE932AB00847112 /* Map.swift */,
				44DF6F741BE932BD00847112 /* AStarRouting.swift */,
				44C916B41B8DB87200FE4B24 /* MapViewController.swift */,
				44C915E51B8DB04D00FE4B24 /* AppDelegate.swift */,
				44C916071B8DB28200FE4B24 /* DashboardController.swift */,
				44C915E91B8DB04D00FE4B24 /* Main.storyboard */,
				44C915EC1B8DB04D00FE4B24 /* Images.xcassets */,
				44C915EE1B8DB04D00FE4B24 /* LaunchScreen.xib */,
				44C915E31B8DB04D00FE4B24 /* Supporting Files */,
			);
			path = "iOS-AirCasting";
			sourceTree = "<group>";
		};
		44C915E31B8DB04D00FE4B24 /* Supporting Files */ = {
			isa = PBXGroup;
			children = (
				C89D292D1BE4811800739BB9 /* DBQueries.swift */,
				C8E8D1041BE20C9C00E6F5A8 /* RESTServices.swift */,
				44AE0E3A1BB959DA00F90FD5 /* DBManager.swift */,
				C826DFCA1BE33501008B4B0A /* SignedInUser.swift */,
				C89A16881BC1420B0006955C /* SettingsViewController.swift */,
				C8AE73C91BDB3EA8001A4F49 /* SettingsItemViewController.swift */,
				C870EC461BE7E46D007D4DA7 /* SessionsViewController.swift */,
				C86C4AA71BE1E4E600C00C20 /* SessionsListViewController.swift */,
				C8EADAF21BE7BC5900515050 /* BackendServerConfig.swift */,
				C8C5582A1BE1B6A800585A39 /* MapStyle.swift */,
				C8C5582C1BE1B71300585A39 /* UploadType.swift */,
				C8BA93D81BD4C39D00FD71BF /* AirCastingBLEController.h */,
				C8BA93D91BD4C39D00FD71BF /* AirCastingBLEController.m */,
				44C9160D1B8DB31800FE4B24 /* BackgroundCustomization.swift */,
				44C9160E1B8DB31800FE4B24 /* DecibelMeter.swift */,
				44C9160F1B8DB31800FE4B24 /* FileIO.swift */,
				C8A3831B1BD1FEBB007A14CE /* LineGraphView.swift */,
				44AE0E2A1BB93C3300F90FD5 /* FMDatabase.h */,
				44AE0E2B1BB93C3300F90FD5 /* FMDatabase.m */,
				44AE0E2C1BB93C3300F90FD5 /* FMDatabaseAdditions.h */,
				44AE0E2D1BB93C3300F90FD5 /* FMDatabaseAdditions.m */,
				44AE0E2E1BB93C3300F90FD5 /* FMDatabasePool.h */,
				44AE0E2F1BB93C3300F90FD5 /* FMDatabasePool.m */,
				44AE0E301BB93C3300F90FD5 /* FMDatabaseQueue.h */,
				44AE0E311BB93C3300F90FD5 /* FMDatabaseQueue.m */,
				44AE0E321BB93C3300F90FD5 /* FMDB.h */,
				44AE0E331BB93C3300F90FD5 /* FMResultSet.h */,
				44AE0E341BB93C3300F90FD5 /* FMResultSet.m */,
				44C915E41B8DB04D00FE4B24 /* Info.plist */,
				44AE0E291BB93C3300F90FD5 /* iOS-AirCasting-Bridging-Header.h */,
			);
			name = "Supporting Files";
			sourceTree = "<group>";
		};
		44C915F81B8DB04D00FE4B24 /* iOS-AirCastingTests */ = {
			isa = PBXGroup;
			children = (
				44C915FB1B8DB04D00FE4B24 /* iOS_AirCastingTests.swift */,
				44C915F91B8DB04D00FE4B24 /* Supporting Files */,
			);
			path = "iOS-AirCastingTests";
			sourceTree = "<group>";
		};
		44C915F91B8DB04D00FE4B24 /* Supporting Files */ = {
			isa = PBXGroup;
			children = (
				44C915FA1B8DB04D00FE4B24 /* Info.plist */,
			);
			name = "Supporting Files";
			sourceTree = "<group>";
		};
/* End PBXGroup section */

/* Begin PBXNativeTarget section */
		44C915DF1B8DB04D00FE4B24 /* iOS-AirCasting */ = {
			isa = PBXNativeTarget;
			buildConfigurationList = 44C915FF1B8DB04D00FE4B24 /* Build configuration list for PBXNativeTarget "iOS-AirCasting" */;
			buildPhases = (
				44C915DC1B8DB04D00FE4B24 /* Sources */,
				44C915DD1B8DB04D00FE4B24 /* Frameworks */,
				44C915DE1B8DB04D00FE4B24 /* Resources */,
			);
			buildRules = (
			);
			dependencies = (
			);
			name = "iOS-AirCasting";
			productName = "iOS-AirCasting";
			productReference = 44C915E01B8DB04D00FE4B24 /* iOS-AirCasting.app */;
			productType = "com.apple.product-type.application";
		};
		44C915F41B8DB04D00FE4B24 /* iOS-AirCastingTests */ = {
			isa = PBXNativeTarget;
			buildConfigurationList = 44C916021B8DB04D00FE4B24 /* Build configuration list for PBXNativeTarget "iOS-AirCastingTests" */;
			buildPhases = (
				44C915F11B8DB04D00FE4B24 /* Sources */,
				44C915F21B8DB04D00FE4B24 /* Frameworks */,
				44C915F31B8DB04D00FE4B24 /* Resources */,
			);
			buildRules = (
			);
			dependencies = (
				44C915F71B8DB04D00FE4B24 /* PBXTargetDependency */,
			);
			name = "iOS-AirCastingTests";
			productName = "iOS-AirCastingTests";
			productReference = 44C915F51B8DB04D00FE4B24 /* iOS-AirCastingTests.xctest */;
			productType = "com.apple.product-type.bundle.unit-test";
		};
/* End PBXNativeTarget section */

/* Begin PBXProject section */
		44C915D81B8DB04D00FE4B24 /* Project object */ = {
			isa = PBXProject;
			attributes = {
				LastUpgradeCheck = 0640;
				ORGANIZATIONNAME = "Renji Harold";
				TargetAttributes = {
					44C915DF1B8DB04D00FE4B24 = {
						CreatedOnToolsVersion = 6.4;
						DevelopmentTeam = F5NBU4297C;
					};
					44C915F41B8DB04D00FE4B24 = {
						CreatedOnToolsVersion = 6.4;
						TestTargetID = 44C915DF1B8DB04D00FE4B24;
					};
				};
			};
			buildConfigurationList = 44C915DB1B8DB04D00FE4B24 /* Build configuration list for PBXProject "iOS-AirCasting" */;
			compatibilityVersion = "Xcode 3.2";
			developmentRegion = English;
			hasScannedForEncodings = 0;
			knownRegions = (
				en,
				Base,
			);
			mainGroup = 44C915D71B8DB04D00FE4B24;
			productRefGroup = 44C915E11B8DB04D00FE4B24 /* Products */;
			projectDirPath = "";
			projectRoot = "";
			targets = (
				44C915DF1B8DB04D00FE4B24 /* iOS-AirCasting */,
				44C915F41B8DB04D00FE4B24 /* iOS-AirCastingTests */,
			);
		};
/* End PBXProject section */

/* Begin PBXResourcesBuildPhase section */
		44C915DE1B8DB04D00FE4B24 /* Resources */ = {
			isa = PBXResourcesBuildPhase;
			buildActionMask = 2147483647;
			files = (
				44C915EB1B8DB04D00FE4B24 /* Main.storyboard in Resources */,
				44C915F01B8DB04D00FE4B24 /* LaunchScreen.xib in Resources */,
				44C915ED1B8DB04D00FE4B24 /* Images.xcassets in Resources */,
			);
			runOnlyForDeploymentPostprocessing = 0;
		};
		44C915F31B8DB04D00FE4B24 /* Resources */ = {
			isa = PBXResourcesBuildPhase;
			buildActionMask = 2147483647;
			files = (
			);
			runOnlyForDeploymentPostprocessing = 0;
		};
/* End PBXResourcesBuildPhase section */

/* Begin PBXSourcesBuildPhase section */
		44C915DC1B8DB04D00FE4B24 /* Sources */ = {
			isa = PBXSourcesBuildPhase;
			buildActionMask = 2147483647;
			files = (
				C8BA93DA1BD4C39D00FD71BF /* AirCastingBLEController.m in Sources */,
				44C916081B8DB28200FE4B24 /* DashboardController.swift in Sources */,
				44C915E61B8DB04D00FE4B24 /* AppDelegate.swift in Sources */,
				44C916121B8DB31800FE4B24 /* FileIO.swift in Sources */,
				44DF6F751BE932BD00847112 /* AStarRouting.swift in Sources */,
				44AE0E3B1BB959DA00F90FD5 /* DBManager.swift in Sources */,
				44DF6F711BE9329B00847112 /* Node.swift in Sources */,
				C826DFCB1BE33501008B4B0A /* SignedInUser.swift in Sources */,
				44C916B31B8DB83600FE4B24 /* GraphViewController.swift in Sources */,
				44C916111B8DB31800FE4B24 /* DecibelMeter.swift in Sources */,
				44AE0E361BB93C3300F90FD5 /* FMDatabaseAdditions.m in Sources */,
				44AE0E391BB93C3300F90FD5 /* FMResultSet.m in Sources */,
				C870EC471BE7E46D007D4DA7 /* SessionsViewController.swift in Sources */,
				44C916101B8DB31800FE4B24 /* BackgroundCustomization.swift in Sources */,
				C89A16891BC1420B0006955C /* SettingsViewController.swift in Sources */,
				C8AE73CA1BDB3EA8001A4F49 /* SettingsItemViewController.swift in Sources */,
				44AE0E371BB93C3300F90FD5 /* FMDatabasePool.m in Sources */,
				44DF6F731BE932AB00847112 /* Map.swift in Sources */,
				C8E8D1051BE20C9C00E6F5A8 /* RESTServices.swift in Sources */,
				C8A3831C1BD1FEBB007A14CE /* LineGraphView.swift in Sources */,
				C86C4AA81BE1E4E600C00C20 /* SessionsListViewController.swift in Sources */,
				C8EADAF31BE7BC5900515050 /* BackendServerConfig.swift in Sources */,
				44AE0E381BB93C3300F90FD5 /* FMDatabaseQueue.m in Sources */,
				C89D292E1BE4811800739BB9 /* DBQueries.swift in Sources */,
				C8C5582B1BE1B6A800585A39 /* MapStyle.swift in Sources */,
				44C916B51B8DB87200FE4B24 /* MapViewController.swift in Sources */,
				C8C5582D1BE1B71300585A39 /* UploadType.swift in Sources */,
				44AE0E351BB93C3300F90FD5 /* FMDatabase.m in Sources */,
			);
			runOnlyForDeploymentPostprocessing = 0;
		};
		44C915F11B8DB04D00FE4B24 /* Sources */ = {
			isa = PBXSourcesBuildPhase;
			buildActionMask = 2147483647;
			files = (
				44C915FC1B8DB04D00FE4B24 /* iOS_AirCastingTests.swift in Sources */,
			);
			runOnlyForDeploymentPostprocessing = 0;
		};
/* End PBXSourcesBuildPhase section */

/* Begin PBXTargetDependency section */
		44C915F71B8DB04D00FE4B24 /* PBXTargetDependency */ = {
			isa = PBXTargetDependency;
			target = 44C915DF1B8DB04D00FE4B24 /* iOS-AirCasting */;
			targetProxy = 44C915F61B8DB04D00FE4B24 /* PBXContainerItemProxy */;
		};
/* End PBXTargetDependency section */

/* Begin PBXVariantGroup section */
		44C915E91B8DB04D00FE4B24 /* Main.storyboard */ = {
			isa = PBXVariantGroup;
			children = (
				44C915EA1B8DB04D00FE4B24 /* Base */,
			);
			name = Main.storyboard;
			sourceTree = "<group>";
		};
		44C915EE1B8DB04D00FE4B24 /* LaunchScreen.xib */ = {
			isa = PBXVariantGroup;
			children = (
				44C915EF1B8DB04D00FE4B24 /* Base */,
			);
			name = LaunchScreen.xib;
			sourceTree = "<group>";
		};
/* End PBXVariantGroup section */

/* Begin XCBuildConfiguration section */
		44C915FD1B8DB04D00FE4B24 /* Debug */ = {
			isa = XCBuildConfiguration;
			buildSettings = {
				ALWAYS_SEARCH_USER_PATHS = NO;
				CLANG_CXX_LANGUAGE_STANDARD = "gnu++0x";
				CLANG_CXX_LIBRARY = "libc++";
				CLANG_ENABLE_MODULES = YES;
				CLANG_ENABLE_OBJC_ARC = YES;
				CLANG_WARN_BOOL_CONVERSION = YES;
				CLANG_WARN_CONSTANT_CONVERSION = YES;
				CLANG_WARN_DIRECT_OBJC_ISA_USAGE = YES_ERROR;
				CLANG_WARN_EMPTY_BODY = YES;
				CLANG_WARN_ENUM_CONVERSION = YES;
				CLANG_WARN_INT_CONVERSION = YES;
				CLANG_WARN_OBJC_ROOT_CLASS = YES_ERROR;
				CLANG_WARN_UNREACHABLE_CODE = YES;
				CLANG_WARN__DUPLICATE_METHOD_MATCH = YES;
				"CODE_SIGN_IDENTITY[sdk=iphoneos*]" = "iPhone Developer";
				COPY_PHASE_STRIP = NO;
				DEBUG_INFORMATION_FORMAT = "dwarf-with-dsym";
				ENABLE_STRICT_OBJC_MSGSEND = YES;
				GCC_C_LANGUAGE_STANDARD = gnu99;
				GCC_DYNAMIC_NO_PIC = NO;
				GCC_NO_COMMON_BLOCKS = YES;
				GCC_OPTIMIZATION_LEVEL = 0;
				GCC_PREPROCESSOR_DEFINITIONS = (
					"DEBUG=1",
					"$(inherited)",
				);
				GCC_SYMBOLS_PRIVATE_EXTERN = NO;
				GCC_WARN_64_TO_32_BIT_CONVERSION = YES;
				GCC_WARN_ABOUT_RETURN_TYPE = YES_ERROR;
				GCC_WARN_UNDECLARED_SELECTOR = YES;
				GCC_WARN_UNINITIALIZED_AUTOS = YES_AGGRESSIVE;
				GCC_WARN_UNUSED_FUNCTION = YES;
				GCC_WARN_UNUSED_VARIABLE = YES;
				IPHONEOS_DEPLOYMENT_TARGET = 8.4;
				MTL_ENABLE_DEBUG_INFO = YES;
				ONLY_ACTIVE_ARCH = YES;
				SDKROOT = iphoneos;
				SWIFT_OPTIMIZATION_LEVEL = "-Onone";
				TARGETED_DEVICE_FAMILY = "1,2";
			};
			name = Debug;
		};
		44C915FE1B8DB04D00FE4B24 /* Release */ = {
			isa = XCBuildConfiguration;
			buildSettings = {
				ALWAYS_SEARCH_USER_PATHS = NO;
				CLANG_CXX_LANGUAGE_STANDARD = "gnu++0x";
				CLANG_CXX_LIBRARY = "libc++";
				CLANG_ENABLE_MODULES = YES;
				CLANG_ENABLE_OBJC_ARC = YES;
				CLANG_WARN_BOOL_CONVERSION = YES;
				CLANG_WARN_CONSTANT_CONVERSION = YES;
				CLANG_WARN_DIRECT_OBJC_ISA_USAGE = YES_ERROR;
				CLANG_WARN_EMPTY_BODY = YES;
				CLANG_WARN_ENUM_CONVERSION = YES;
				CLANG_WARN_INT_CONVERSION = YES;
				CLANG_WARN_OBJC_ROOT_CLASS = YES_ERROR;
				CLANG_WARN_UNREACHABLE_CODE = YES;
				CLANG_WARN__DUPLICATE_METHOD_MATCH = YES;
				"CODE_SIGN_IDENTITY[sdk=iphoneos*]" = "iPhone Developer";
				COPY_PHASE_STRIP = NO;
				DEBUG_INFORMATION_FORMAT = "dwarf-with-dsym";
				ENABLE_NS_ASSERTIONS = NO;
				ENABLE_STRICT_OBJC_MSGSEND = YES;
				GCC_C_LANGUAGE_STANDARD = gnu99;
				GCC_NO_COMMON_BLOCKS = YES;
				GCC_WARN_64_TO_32_BIT_CONVERSION = YES;
				GCC_WARN_ABOUT_RETURN_TYPE = YES_ERROR;
				GCC_WARN_UNDECLARED_SELECTOR = YES;
				GCC_WARN_UNINITIALIZED_AUTOS = YES_AGGRESSIVE;
				GCC_WARN_UNUSED_FUNCTION = YES;
				GCC_WARN_UNUSED_VARIABLE = YES;
				IPHONEOS_DEPLOYMENT_TARGET = 8.4;
				MTL_ENABLE_DEBUG_INFO = NO;
				SDKROOT = iphoneos;
				TARGETED_DEVICE_FAMILY = "1,2";
				VALIDATE_PRODUCT = YES;
			};
			name = Release;
		};
		44C916001B8DB04D00FE4B24 /* Debug */ = {
			isa = XCBuildConfiguration;
			buildSettings = {
				ASSETCATALOG_COMPILER_APPICON_NAME = AppIcon;
				CLANG_ENABLE_MODULES = YES;
				CODE_SIGN_IDENTITY = "iPhone Developer";
				INFOPLIST_FILE = "iOS-AirCasting/Info.plist";
				LD_RUNPATH_SEARCH_PATHS = "$(inherited) @executable_path/Frameworks";
				PRODUCT_NAME = "iOS-AirCasting";
				SWIFT_OBJC_BRIDGING_HEADER = "iOS-AirCasting/iOS-AirCasting-Bridging-Header.h";
				SWIFT_OPTIMIZATION_LEVEL = "-Onone";
			};
			name = Debug;
		};
		44C916011B8DB04D00FE4B24 /* Release */ = {
			isa = XCBuildConfiguration;
			buildSettings = {
				ASSETCATALOG_COMPILER_APPICON_NAME = AppIcon;
				CLANG_ENABLE_MODULES = YES;
				CODE_SIGN_IDENTITY = "iPhone Developer";
				INFOPLIST_FILE = "iOS-AirCasting/Info.plist";
				LD_RUNPATH_SEARCH_PATHS = "$(inherited) @executable_path/Frameworks";
				PRODUCT_NAME = "iOS-AirCasting";
				SWIFT_OBJC_BRIDGING_HEADER = "iOS-AirCasting/iOS-AirCasting-Bridging-Header.h";
			};
			name = Release;
		};
		44C916031B8DB04D00FE4B24 /* Debug */ = {
			isa = XCBuildConfiguration;
			buildSettings = {
				BUNDLE_LOADER = "$(TEST_HOST)";
				FRAMEWORK_SEARCH_PATHS = (
					"$(SDKROOT)/Developer/Library/Frameworks",
					"$(inherited)",
				);
				GCC_PREPROCESSOR_DEFINITIONS = (
					"DEBUG=1",
					"$(inherited)",
				);
				INFOPLIST_FILE = "iOS-AirCastingTests/Info.plist";
				LD_RUNPATH_SEARCH_PATHS = "$(inherited) @executable_path/Frameworks @loader_path/Frameworks";
				PRODUCT_NAME = "iOS-AirCastingTests";
				TEST_HOST = "$(BUILT_PRODUCTS_DIR)/iOS-AirCasting.app/iOS-AirCasting";
			};
			name = Debug;
		};
		44C916041B8DB04D00FE4B24 /* Release */ = {
			isa = XCBuildConfiguration;
			buildSettings = {
				BUNDLE_LOADER = "$(TEST_HOST)";
				FRAMEWORK_SEARCH_PATHS = (
					"$(SDKROOT)/Developer/Library/Frameworks",
					"$(inherited)",
				);
				INFOPLIST_FILE = "iOS-AirCastingTests/Info.plist";
				LD_RUNPATH_SEARCH_PATHS = "$(inherited) @executable_path/Frameworks @loader_path/Frameworks";
				PRODUCT_NAME = "iOS-AirCastingTests";
				TEST_HOST = "$(BUILT_PRODUCTS_DIR)/iOS-AirCasting.app/iOS-AirCasting";
			};
			name = Release;
		};
/* End XCBuildConfiguration section */

/* Begin XCConfigurationList section */
		44C915DB1B8DB04D00FE4B24 /* Build configuration list for PBXProject "iOS-AirCasting" */ = {
			isa = XCConfigurationList;
			buildConfigurations = (
				44C915FD1B8DB04D00FE4B24 /* Debug */,
				44C915FE1B8DB04D00FE4B24 /* Release */,
			);
			defaultConfigurationIsVisible = 0;
			defaultConfigurationName = Release;
		};
		44C915FF1B8DB04D00FE4B24 /* Build configuration list for PBXNativeTarget "iOS-AirCasting" */ = {
			isa = XCConfigurationList;
			buildConfigurations = (
				44C916001B8DB04D00FE4B24 /* Debug */,
				44C916011B8DB04D00FE4B24 /* Release */,
			);
			defaultConfigurationIsVisible = 0;
			defaultConfigurationName = Release;
		};
		44C916021B8DB04D00FE4B24 /* Build configuration list for PBXNativeTarget "iOS-AirCastingTests" */ = {
			isa = XCConfigurationList;
			buildConfigurations = (
				44C916031B8DB04D00FE4B24 /* Debug */,
				44C916041B8DB04D00FE4B24 /* Release */,
			);
			defaultConfigurationIsVisible = 0;
			defaultConfigurationName = Release;
		};
/* End XCConfigurationList section */
	};
	rootObject = 44C915D81B8DB04D00FE4B24 /* Project object */;
}
